
Microsoft Visual Studio Solution File, Format Version 12.00
# Visual Studio Version 17
VisualStudioVersion = 17.11.35222.181
MinimumVisualStudioVersion = 10.0.40219.1
Project("{8BC9CEB8-8B4A-11D0-8D11-00A0C91BC942}") = "jeuxEchecV1", "jeuxEchecV1\jeuxEchecV1.vcxproj", "{039238A9-9B63-4749-B5D6-E8AA837B1914}"
EndProject
Global
	GlobalSection(SolutionConfigurationPlatforms) = preSolution
		_CONSOLE|x64 = _CONSOLE|x64
		_CONSOLE|x86 = _CONSOLE|x86
		Debug|x64 = Debug|x64
		Debug|x86 = Debug|x86
		Demo|x64 = Demo|x64
		Demo|x86 = Demo|x86
		LIGHT|x64 = LIGHT|x64
		LIGHT|x86 = LIGHT|x86
		Release|x64 = Release|x64
		Release|x86 = Release|x86
	EndGlobalSection
	GlobalSection(ProjectConfigurationPlatforms) = postSolution
		{039238A9-9B63-4749-B5D6-E8AA837B1914}._CONSOLE|x64.ActiveCfg = _CONSOLE|x64
		{039238A9-9B63-4749-B5D6-E8AA837B1914}._CONSOLE|x64.Build.0 = _CONSOLE|x64
		{039238A9-9B63-4749-B5D6-E8AA837B1914}._CONSOLE|x86.ActiveCfg = _CONSOLE|Win32
		{039238A9-9B63-4749-B5D6-E8AA837B1914}._CONSOLE|x86.Build.0 = _CONSOLE|Win32
		{039238A9-9B63-4749-B5D6-E8AA837B1914}.Debug|x64.ActiveCfg = Debug|x64
		{039238A9-9B63-4749-B5D6-E8AA837B1914}.Debug|x64.Build.0 = Debug|x64
		{039238A9-9B63-4749-B5D6-E8AA837B1914}.Debug|x86.ActiveCfg = Debug|Win32
		{039238A9-9B63-4749-B5D6-E8AA837B1914}.Debug|x86.Build.0 = Debug|Win32
		{039238A9-9B63-4749-B5D6-E8AA837B1914}.Demo|x64.ActiveCfg = Demo|x64
		{039238A9-9B63-4749-B5D6-E8AA837B1914}.Demo|x64.Build.0 = Demo|x64
		{039238A9-9B63-4749-B5D6-E8AA837B1914}.Demo|x86.ActiveCfg = Demo|Win32
		{039238A9-9B63-4749-B5D6-E8AA837B1914}.Demo|x86.Build.0 = Demo|Win32
		{039238A9-9B63-4749-B5D6-E8AA837B1914}.LIGHT|x64.ActiveCfg = LIGHT|x64
		{039238A9-9B63-4749-B5D6-E8AA837B1914}.LIGHT|x64.Build.0 = LIGHT|x64
		{039238A9-9B63-4749-B5D6-E8AA837B1914}.LIGHT|x86.ActiveCfg = LIGHT|Win32
		{039238A9-9B63-4749-B5D6-E8AA837B1914}.LIGHT|x86.Build.0 = LIGHT|Win32
		{039238A9-9B63-4749-B5D6-E8AA837B1914}.Release|x64.ActiveCfg = Release|x64
		{039238A9-9B63-4749-B5D6-E8AA837B1914}.Release|x64.Build.0 = Release|x64
		{039238A9-9B63-4749-B5D6-E8AA837B1914}.Release|x86.ActiveCfg = Release|Win32
		{039238A9-9B63-4749-B5D6-E8AA837B1914}.Release|x86.Build.0 = Release|Win32
	EndGlobalSection
	GlobalSection(SolutionProperties) = preSolution
		HideSolutionNode = FALSE
	EndGlobalSection
	GlobalSection(ExtensibilityGlobals) = postSolution
		SolutionGuid = {31A9B5C4-4771-439D-8558-74E8EBB2D309}
	EndGlobalSection
EndGlobal
